
Microsoft Visual Studio Solution File, Format Version 12.00
# Visual Studio Express 14 for Windows Desktop
VisualStudioVersion = 14.0.25420.1
MinimumVisualStudioVersion = 10.0.40219.1
Project("{FAE04EC0-301F-11D3-BF4B-00C04F79EFBC}") = "LogDemoApplication", "LogDemoApplication\LogDemoApplication.csproj", "{947B0440-EA2C-4589-A27B-69169916A80C}"
EndProject
Project("{FAE04EC0-301F-11D3-BF4B-00C04F79EFBC}") = "Demo.Presentation", "Demo.Presentation\Demo.Presentation.csproj", "{AF1B1D3F-3822-4393-9043-2A17FC757B5D}"
EndProject
Project("{2150E333-8FDC-42A3-9474-1A3956D46DE8}") = "Tests", "Tests", "{6760C8C3-4C15-4A05-A075-B3C627F2A093}"
EndProject
Project("{FAE04EC0-301F-11D3-BF4B-00C04F79EFBC}") = "Demo.DataAccess", "Demo.DataAccess\Demo.DataAccess.csproj", "{15C3CEC6-C37F-4346-AF8A-534A1582AFCA}"
EndProject
Project("{2150E333-8FDC-42A3-9474-1A3956D46DE8}") = "Data", "Data", "{A5CF53B2-F213-4F6D-8F84-AB3AAC8CE402}"
EndProject
Project("{2150E333-8FDC-42A3-9474-1A3956D46DE8}") = "Presentation", "Presentation", "{D2D052E3-F2A9-4892-8414-6F67EB826016}"
EndProject
Project("{FAE04EC0-301F-11D3-BF4B-00C04F79EFBC}") = "Demo.DataAccess.Test", "Demo.DataAccess.Test\Demo.DataAccess.Test.csproj", "{4F7A5AE5-1AD1-4EFB-AF7A-B3857349ED03}"
EndProject
Project("{2150E333-8FDC-42A3-9474-1A3956D46DE8}") = "Security", "Security", "{6FE50746-BE4B-4BB7-BFA7-B0CC7D61F5AE}"
EndProject
Project("{FAE04EC0-301F-11D3-BF4B-00C04F79EFBC}") = "Demo.Security", "Demo.Security\Demo.Security.csproj", "{A3BA6FC3-467E-484D-A942-BD3DC194D513}"
EndProject
Global
	GlobalSection(SolutionConfigurationPlatforms) = preSolution
		Debug|Any CPU = Debug|Any CPU
		Release|Any CPU = Release|Any CPU
	EndGlobalSection
	GlobalSection(ProjectConfigurationPlatforms) = postSolution
		{947B0440-EA2C-4589-A27B-69169916A80C}.Debug|Any CPU.ActiveCfg = Debug|Any CPU
		{947B0440-EA2C-4589-A27B-69169916A80C}.Debug|Any CPU.Build.0 = Debug|Any CPU
		{947B0440-EA2C-4589-A27B-69169916A80C}.Release|Any CPU.ActiveCfg = Release|Any CPU
		{947B0440-EA2C-4589-A27B-69169916A80C}.Release|Any CPU.Build.0 = Release|Any CPU
		{AF1B1D3F-3822-4393-9043-2A17FC757B5D}.Debug|Any CPU.ActiveCfg = Debug|Any CPU
		{AF1B1D3F-3822-4393-9043-2A17FC757B5D}.Debug|Any CPU.Build.0 = Debug|Any CPU
		{AF1B1D3F-3822-4393-9043-2A17FC757B5D}.Release|Any CPU.ActiveCfg = Release|Any CPU
		{AF1B1D3F-3822-4393-9043-2A17FC757B5D}.Release|Any CPU.Build.0 = Release|Any CPU
		{15C3CEC6-C37F-4346-AF8A-534A1582AFCA}.Debug|Any CPU.ActiveCfg = Debug|Any CPU
		{15C3CEC6-C37F-4346-AF8A-534A1582AFCA}.Debug|Any CPU.Build.0 = Debug|Any CPU
		{15C3CEC6-C37F-4346-AF8A-534A1582AFCA}.Release|Any CPU.ActiveCfg = Release|Any CPU
		{15C3CEC6-C37F-4346-AF8A-534A1582AFCA}.Release|Any CPU.Build.0 = Release|Any CPU
		{4F7A5AE5-1AD1-4EFB-AF7A-B3857349ED03}.Debug|Any CPU.ActiveCfg = Debug|Any CPU
		{4F7A5AE5-1AD1-4EFB-AF7A-B3857349ED03}.Debug|Any CPU.Build.0 = Debug|Any CPU
		{4F7A5AE5-1AD1-4EFB-AF7A-B3857349ED03}.Release|Any CPU.ActiveCfg = Release|Any CPU
		{4F7A5AE5-1AD1-4EFB-AF7A-B3857349ED03}.Release|Any CPU.Build.0 = Release|Any CPU
		{A3BA6FC3-467E-484D-A942-BD3DC194D513}.Debug|Any CPU.ActiveCfg = Debug|Any CPU
		{A3BA6FC3-467E-484D-A942-BD3DC194D513}.Debug|Any CPU.Build.0 = Debug|Any CPU
		{A3BA6FC3-467E-484D-A942-BD3DC194D513}.Release|Any CPU.ActiveCfg = Release|Any CPU
		{A3BA6FC3-467E-484D-A942-BD3DC194D513}.Release|Any CPU.Build.0 = Release|Any CPU
	EndGlobalSection
	GlobalSection(SolutionProperties) = preSolution
		HideSolutionNode = FALSE
	EndGlobalSection
	GlobalSection(NestedProjects) = preSolution
		{AF1B1D3F-3822-4393-9043-2A17FC757B5D} = {D2D052E3-F2A9-4892-8414-6F67EB826016}
		{15C3CEC6-C37F-4346-AF8A-534A1582AFCA} = {A5CF53B2-F213-4F6D-8F84-AB3AAC8CE402}
		{4F7A5AE5-1AD1-4EFB-AF7A-B3857349ED03} = {6760C8C3-4C15-4A05-A075-B3C627F2A093}
		{A3BA6FC3-467E-484D-A942-BD3DC194D513} = {6FE50746-BE4B-4BB7-BFA7-B0CC7D61F5AE}
	EndGlobalSection
EndGlobal
